// !$*UTF8*$!
{
	archiveVersion = 1;
	classes = {
	};
	objectVersion = 51;
	objects = {

/* Begin PBXBuildFile section */
		5367799C44CD8E1E27EB2948 /* Pods_wallhavenios.framework in Frameworks */ = {isa = PBXBuildFile; fileRef = 0A850E3A2938778E4F8E6601 /* Pods_wallhavenios.framework */; };
		94A6983C23D09DFD005764EE /* AppDelegate.swift in Sources */ = {isa = PBXBuildFile; fileRef = 94A6983B23D09DFD005764EE /* AppDelegate.swift */; };
		94A6983E23D09DFD005764EE /* SceneDelegate.swift in Sources */ = {isa = PBXBuildFile; fileRef = 94A6983D23D09DFD005764EE /* SceneDelegate.swift */; };
		94A6984323D09DFD005764EE /* Main.storyboard in Resources */ = {isa = PBXBuildFile; fileRef = 94A6984123D09DFD005764EE /* Main.storyboard */; };
		94A6984523D09DFD005764EE /* Assets.xcassets in Resources */ = {isa = PBXBuildFile; fileRef = 94A6984423D09DFD005764EE /* Assets.xcassets */; };
		94A6984823D09DFD005764EE /* LaunchScreen.storyboard in Resources */ = {isa = PBXBuildFile; fileRef = 94A6984623D09DFD005764EE /* LaunchScreen.storyboard */; };
		94A6985023D0A85C005764EE /* APIRequest.swift in Sources */ = {isa = PBXBuildFile; fileRef = 94A6984F23D0A85C005764EE /* APIRequest.swift */; };
		D44241CB23D1D21D007808E0 /* CollectionViewController.swift in Sources */ = {isa = PBXBuildFile; fileRef = D44241CA23D1D21D007808E0 /* CollectionViewController.swift */; };
/* End PBXBuildFile section */

/* Begin PBXFileReference section */
		0A850E3A2938778E4F8E6601 /* Pods_wallhavenios.framework */ = {isa = PBXFileReference; explicitFileType = wrapper.framework; includeInIndex = 0; path = Pods_wallhavenios.framework; sourceTree = BUILT_PRODUCTS_DIR; };
		14A1F2E2C9A6FFEDA4D60277 /* Pods-wallhavenios.release.xcconfig */ = {isa = PBXFileReference; includeInIndex = 1; lastKnownFileType = text.xcconfig; name = "Pods-wallhavenios.release.xcconfig"; path = "Target Support Files/Pods-wallhavenios/Pods-wallhavenios.release.xcconfig"; sourceTree = "<group>"; };
		8071627855666A4DFC415B2B /* Pods-wallhavenios.debug.xcconfig */ = {isa = PBXFileReference; includeInIndex = 1; lastKnownFileType = text.xcconfig; name = "Pods-wallhavenios.debug.xcconfig"; path = "Target Support Files/Pods-wallhavenios/Pods-wallhavenios.debug.xcconfig"; sourceTree = "<group>"; };
		94A6983823D09DFD005764EE /* wallhavenios.app */ = {isa = PBXFileReference; explicitFileType = wrapper.application; includeInIndex = 0; path = wallhavenios.app; sourceTree = BUILT_PRODUCTS_DIR; };
		94A6983B23D09DFD005764EE /* AppDelegate.swift */ = {isa = PBXFileReference; lastKnownFileType = sourcecode.swift; path = AppDelegate.swift; sourceTree = "<group>"; };
		94A6983D23D09DFD005764EE /* SceneDelegate.swift */ = {isa = PBXFileReference; lastKnownFileType = sourcecode.swift; path = SceneDelegate.swift; sourceTree = "<group>"; };
		94A6984223D09DFD005764EE /* Base */ = {isa = PBXFileReference; lastKnownFileType = file.storyboard; name = Base; path = Base.lproj/Main.storyboard; sourceTree = "<group>"; };
		94A6984423D09DFD005764EE /* Assets.xcassets */ = {isa = PBXFileReference; lastKnownFileType = folder.assetcatalog; path = Assets.xcassets; sourceTree = "<group>"; };
		94A6984723D09DFD005764EE /* Base */ = {isa = PBXFileReference; lastKnownFileType = file.storyboard; name = Base; path = Base.lproj/LaunchScreen.storyboard; sourceTree = "<group>"; };
		94A6984923D09DFD005764EE /* Info.plist */ = {isa = PBXFileReference; lastKnownFileType = text.plist.xml; path = Info.plist; sourceTree = "<group>"; };
		94A6984F23D0A85C005764EE /* APIRequest.swift */ = {isa = PBXFileReference; lastKnownFileType = sourcecode.swift; path = APIRequest.swift; sourceTree = "<group>"; };
		D44241CA23D1D21D007808E0 /* CollectionViewController.swift */ = {isa = PBXFileReference; lastKnownFileType = sourcecode.swift; path = CollectionViewController.swift; sourceTree = "<group>"; };
/* End PBXFileReference section */

/* Begin PBXFrameworksBuildPhase section */
		94A6983523D09DFD005764EE /* Frameworks */ = {
			isa = PBXFrameworksBuildPhase;
			buildActionMask = 2147483647;
			files = (
				5367799C44CD8E1E27EB2948 /* Pods_wallhavenios.framework in Frameworks */,
			);
			runOnlyForDeploymentPostprocessing = 0;
		};
/* End PBXFrameworksBuildPhase section */

/* Begin PBXGroup section */
		66A453157B13A8359B400709 /* Pods */ = {
			isa = PBXGroup;
			children = (
				8071627855666A4DFC415B2B /* Pods-wallhavenios.debug.xcconfig */,
				14A1F2E2C9A6FFEDA4D60277 /* Pods-wallhavenios.release.xcconfig */,
			);
			path = Pods;
			sourceTree = "<group>";
		};
		94A6982F23D09DFD005764EE = {
			isa = PBXGroup;
			children = (
				94A6983A23D09DFD005764EE /* wallhavenios */,
				94A6983923D09DFD005764EE /* Products */,
				66A453157B13A8359B400709 /* Pods */,
				B210F7D8A5A21D6CACA33E65 /* Frameworks */,
			);
			sourceTree = "<group>";
		};
		94A6983923D09DFD005764EE /* Products */ = {
			isa = PBXGroup;
			children = (
				94A6983823D09DFD005764EE /* wallhavenios.app */,
			);
			name = Products;
			sourceTree = "<group>";
		};
		94A6983A23D09DFD005764EE /* wallhavenios */ = {
			isa = PBXGroup;
			children = (
				94A6983B23D09DFD005764EE /* AppDelegate.swift */,
				94A6983D23D09DFD005764EE /* SceneDelegate.swift */,
				94A6984123D09DFD005764EE /* Main.storyboard */,
				D44241CA23D1D21D007808E0 /* CollectionViewController.swift */,
				94A6984423D09DFD005764EE /* Assets.xcassets */,
				94A6984623D09DFD005764EE /* LaunchScreen.storyboard */,
				94A6984923D09DFD005764EE /* Info.plist */,
				94A6984F23D0A85C005764EE /* APIRequest.swift */,
			);
			path = wallhavenios;
			sourceTree = "<group>";
		};
		B210F7D8A5A21D6CACA33E65 /* Frameworks */ = {
			isa = PBXGroup;
			children = (
				0A850E3A2938778E4F8E6601 /* Pods_wallhavenios.framework */,
			);
			name = Frameworks;
			sourceTree = "<group>";
		};
/* End PBXGroup section */

/* Begin PBXNativeTarget section */
		94A6983723D09DFD005764EE /* wallhavenios */ = {
			isa = PBXNativeTarget;
			buildConfigurationList = 94A6984C23D09DFD005764EE /* Build configuration list for PBXNativeTarget "wallhavenios" */;
			buildPhases = (
				E6EB670573198B57A42867D4 /* [CP] Check Pods Manifest.lock */,
				94A6983423D09DFD005764EE /* Sources */,
				94A6983523D09DFD005764EE /* Frameworks */,
				94A6983623D09DFD005764EE /* Resources */,
				E01C445A8508F9ADE660E55C /* [CP] Embed Pods Frameworks */,
			);
			buildRules = (
			);
			dependencies = (
			);
			name = wallhavenios;
			productName = wallhavenios;
			productReference = 94A6983823D09DFD005764EE /* wallhavenios.app */;
			productType = "com.apple.product-type.application";
		};
/* End PBXNativeTarget section */

/* Begin PBXProject section */
		94A6983023D09DFD005764EE /* Project object */ = {
			isa = PBXProject;
			attributes = {
				LastSwiftUpdateCheck = 1130;
				LastUpgradeCheck = 1130;
				ORGANIZATIONNAME = "Kodius d.o.o.";
				TargetAttributes = {
					94A6983723D09DFD005764EE = {
						CreatedOnToolsVersion = 11.3;
					};
				};
			};
			buildConfigurationList = 94A6983323D09DFD005764EE /* Build configuration list for PBXProject "wallhavenios" */;
			compatibilityVersion = "Xcode 9.3";
			developmentRegion = en;
			hasScannedForEncodings = 0;
			knownRegions = (
				en,
				Base,
			);
			mainGroup = 94A6982F23D09DFD005764EE;
			productRefGroup = 94A6983923D09DFD005764EE /* Products */;
			projectDirPath = "";
			projectRoot = "";
			targets = (
				94A6983723D09DFD005764EE /* wallhavenios */,
			);
		};
/* End PBXProject section */

/* Begin PBXResourcesBuildPhase section */
		94A6983623D09DFD005764EE /* Resources */ = {
			isa = PBXResourcesBuildPhase;
			buildActionMask = 2147483647;
			files = (
				94A6984823D09DFD005764EE /* LaunchScreen.storyboard in Resources */,
				94A6984523D09DFD005764EE /* Assets.xcassets in Resources */,
				94A6984323D09DFD005764EE /* Main.storyboard in Resources */,
			);
			runOnlyForDeploymentPostprocessing = 0;
		};
/* End PBXResourcesBuildPhase section */

/* Begin PBXShellScriptBuildPhase section */
		E01C445A8508F9ADE660E55C /* [CP] Embed Pods Frameworks */ = {
			isa = PBXShellScriptBuildPhase;
			buildActionMask = 2147483647;
			files = (
			);
			inputFileListPaths = (
				"${PODS_ROOT}/Target Support Files/Pods-wallhavenios/Pods-wallhavenios-frameworks-${CONFIGURATION}-input-files.xcfilelist",
			);
			name = "[CP] Embed Pods Frameworks";
			outputFileListPaths = (
				"${PODS_ROOT}/Target Support Files/Pods-wallhavenios/Pods-wallhavenios-frameworks-${CONFIGURATION}-output-files.xcfilelist",
			);
			runOnlyForDeploymentPostprocessing = 0;
			shellPath = /bin/sh;
			shellScript = "\"${PODS_ROOT}/Target Support Files/Pods-wallhavenios/Pods-wallhavenios-frameworks.sh\"\n";
			showEnvVarsInLog = 0;
		};
		E6EB670573198B57A42867D4 /* [CP] Check Pods Manifest.lock */ = {
			isa = PBXShellScriptBuildPhase;
			buildActionMask = 2147483647;
			files = (
			);
			inputFileListPaths = (
			);
			inputPaths = (
				"${PODS_PODFILE_DIR_PATH}/Podfile.lock",
				"${PODS_ROOT}/Manifest.lock",
			);
			name = "[CP] Check Pods Manifest.lock";
			outputFileListPaths = (
			);
			outputPaths = (
				"$(DERIVED_FILE_DIR)/Pods-wallhavenios-checkManifestLockResult.txt",
			);
			runOnlyForDeploymentPostprocessing = 0;
			shellPath = /bin/sh;
			shellScript = "diff \"${PODS_PODFILE_DIR_PATH}/Podfile.lock\" \"${PODS_ROOT}/Manifest.lock\" > /dev/null\nif [ $? != 0 ] ; then\n    # print error to STDERR\n    echo \"error: The sandbox is not in sync with the Podfile.lock. Run 'pod install' or update your CocoaPods installation.\" >&2\n    exit 1\nfi\n# This output is used by Xcode 'outputs' to avoid re-running this script phase.\necho \"SUCCESS\" > \"${SCRIPT_OUTPUT_FILE_0}\"\n";
			showEnvVarsInLog = 0;
		};
/* End PBXShellScriptBuildPhase section */

/* Begin PBXSourcesBuildPhase section */
		94A6983423D09DFD005764EE /* Sources */ = {
			isa = PBXSourcesBuildPhase;
			buildActionMask = 2147483647;
			files = (
				D44241CB23D1D21D007808E0 /* CollectionViewController.swift in Sources */,
				94A6983C23D09DFD005764EE /* AppDelegate.swift in Sources */,
				94A6985023D0A85C005764EE /* APIRequest.swift in Sources */,
				94A6983E23D09DFD005764EE /* SceneDelegate.swift in Sources */,
			);
			runOnlyForDeploymentPostprocessing = 0;
		};
/* End PBXSourcesBuildPhase section */

/* Begin PBXVariantGroup section */
		94A6984123D09DFD005764EE /* Main.storyboard */ = {
			isa = PBXVariantGroup;
			children = (
				94A6984223D09DFD005764EE /* Base */,
			);
			name = Main.storyboard;
			sourceTree = "<group>";
		};
		94A6984623D09DFD005764EE /* LaunchScreen.storyboard */ = {
			isa = PBXVariantGroup;
			children = (
				94A6984723D09DFD005764EE /* Base */,
			);
			name = LaunchScreen.storyboard;
			sourceTree = "<group>";
		};
/* End PBXVariantGroup section */

/* Begin XCBuildConfiguration section */
		94A6984A23D09DFD005764EE /* Debug */ = {
			isa = XCBuildConfiguration;
			buildSettings = {
				ALWAYS_SEARCH_USER_PATHS = NO;
				CLANG_ANALYZER_NONNULL = YES;
				CLANG_ANALYZER_NUMBER_OBJECT_CONVERSION = YES_AGGRESSIVE;
				CLANG_CXX_LANGUAGE_STANDARD = "gnu++14";
				CLANG_CXX_LIBRARY = "libc++";
				CLANG_ENABLE_MODULES = YES;
				CLANG_ENABLE_OBJC_ARC = YES;
				CLANG_ENABLE_OBJC_WEAK = YES;
				CLANG_WARN_BLOCK_CAPTURE_AUTORELEASING = YES;
				CLANG_WARN_BOOL_CONVERSION = YES;
				CLANG_WARN_COMMA = YES;
				CLANG_WARN_CONSTANT_CONVERSION = YES;
				CLANG_WARN_DEPRECATED_OBJC_IMPLEMENTATIONS = YES;
				CLANG_WARN_DIRECT_OBJC_ISA_USAGE = YES_ERROR;
				CLANG_WARN_DOCUMENTATION_COMMENTS = YES;
				CLANG_WARN_EMPTY_BODY = YES;
				CLANG_WARN_ENUM_CONVERSION = YES;
				CLANG_WARN_INFINITE_RECURSION = YES;
				CLANG_WARN_INT_CONVERSION = YES;
				CLANG_WARN_NON_LITERAL_NULL_CONVERSION = YES;
				CLANG_WARN_OBJC_IMPLICIT_RETAIN_SELF = YES;
				CLANG_WARN_OBJC_LITERAL_CONVERSION = YES;
				CLANG_WARN_OBJC_ROOT_CLASS = YES_ERROR;
				CLANG_WARN_RANGE_LOOP_ANALYSIS = YES;
				CLANG_WARN_STRICT_PROTOTYPES = YES;
				CLANG_WARN_SUSPICIOUS_MOVE = YES;
				CLANG_WARN_UNGUARDED_AVAILABILITY = YES_AGGRESSIVE;
				CLANG_WARN_UNREACHABLE_CODE = YES;
				CLANG_WARN__DUPLICATE_METHOD_MATCH = YES;
				COPY_PHASE_STRIP = NO;
				DEBUG_INFORMATION_FORMAT = dwarf;
				ENABLE_STRICT_OBJC_MSGSEND = YES;
				ENABLE_TESTABILITY = YES;
				GCC_C_LANGUAGE_STANDARD = gnu11;
				GCC_DYNAMIC_NO_PIC = NO;
				GCC_NO_COMMON_BLOCKS = YES;
				GCC_OPTIMIZATION_LEVEL = 0;
				GCC_PREPROCESSOR_DEFINITIONS = (
					"DEBUG=1",
					"$(inherited)",
				);
				GCC_WARN_64_TO_32_BIT_CONVERSION = YES;
				GCC_WARN_ABOUT_RETURN_TYPE = YES_ERROR;
				GCC_WARN_UNDECLARED_SELECTOR = YES;
				GCC_WARN_UNINITIALIZED_AUTOS = YES_AGGRESSIVE;
				GCC_WARN_UNUSED_FUNCTION = YES;
				GCC_WARN_UNUSED_VARIABLE = YES;
				IPHONEOS_DEPLOYMENT_TARGET = 13.2;
				MTL_ENABLE_DEBUG_INFO = INCLUDE_SOURCE;
				MTL_FAST_MATH = YES;
				ONLY_ACTIVE_ARCH = YES;
				SDKROOT = iphoneos;
				SWIFT_ACTIVE_COMPILATION_CONDITIONS = DEBUG;
				SWIFT_OPTIMIZATION_LEVEL = "-Onone";
			};
			name = Debug;
		};
		94A6984B23D09DFD005764EE /* Release */ = {
			isa = XCBuildConfiguration;
			buildSettings = {
				ALWAYS_SEARCH_USER_PATHS = NO;
				CLANG_ANALYZER_NONNULL = YES;
				CLANG_ANALYZER_NUMBER_OBJECT_CONVERSION = YES_AGGRESSIVE;
				CLANG_CXX_LANGUAGE_STANDARD = "gnu++14";
				CLANG_CXX_LIBRARY = "libc++";
				CLANG_ENABLE_MODULES = YES;
				CLANG_ENABLE_OBJC_ARC = YES;
				CLANG_ENABLE_OBJC_WEAK = YES;
				CLANG_WARN_BLOCK_CAPTURE_AUTORELEASING = YES;
				CLANG_WARN_BOOL_CONVERSION = YES;
				CLANG_WARN_COMMA = YES;
				CLANG_WARN_CONSTANT_CONVERSION = YES;
				CLANG_WARN_DEPRECATED_OBJC_IMPLEMENTATIONS = YES;
				CLANG_WARN_DIRECT_OBJC_ISA_USAGE = YES_ERROR;
				CLANG_WARN_DOCUMENTATION_COMMENTS = YES;
				CLANG_WARN_EMPTY_BODY = YES;
				CLANG_WARN_ENUM_CONVERSION = YES;
				CLANG_WARN_INFINITE_RECURSION = YES;
				CLANG_WARN_INT_CONVERSION = YES;
				CLANG_WARN_NON_LITERAL_NULL_CONVERSION = YES;
				CLANG_WARN_OBJC_IMPLICIT_RETAIN_SELF = YES;
				CLANG_WARN_OBJC_LITERAL_CONVERSION = YES;
				CLANG_WARN_OBJC_ROOT_CLASS = YES_ERROR;
				CLANG_WARN_RANGE_LOOP_ANALYSIS = YES;
				CLANG_WARN_STRICT_PROTOTYPES = YES;
				CLANG_WARN_SUSPICIOUS_MOVE = YES;
				CLANG_WARN_UNGUARDED_AVAILABILITY = YES_AGGRESSIVE;
				CLANG_WARN_UNREACHABLE_CODE = YES;
				CLANG_WARN__DUPLICATE_METHOD_MATCH = YES;
				COPY_PHASE_STRIP = NO;
				DEBUG_INFORMATION_FORMAT = "dwarf-with-dsym";
				ENABLE_NS_ASSERTIONS = NO;
				ENABLE_STRICT_OBJC_MSGSEND = YES;
				GCC_C_LANGUAGE_STANDARD = gnu11;
				GCC_NO_COMMON_BLOCKS = YES;
				GCC_WARN_64_TO_32_BIT_CONVERSION = YES;
				GCC_WARN_ABOUT_RETURN_TYPE = YES_ERROR;
				GCC_WARN_UNDECLARED_SELECTOR = YES;
				GCC_WARN_UNINITIALIZED_AUTOS = YES_AGGRESSIVE;
				GCC_WARN_UNUSED_FUNCTION = YES;
				GCC_WARN_UNUSED_VARIABLE = YES;
				IPHONEOS_DEPLOYMENT_TARGET = 13.2;
				MTL_ENABLE_DEBUG_INFO = NO;
				MTL_FAST_MATH = YES;
				SDKROOT = iphoneos;
				SWIFT_COMPILATION_MODE = wholemodule;
				SWIFT_OPTIMIZATION_LEVEL = "-O";
				VALIDATE_PRODUCT = YES;
			};
			name = Release;
		};
		94A6984D23D09DFD005764EE /* Debug */ = {
			isa = XCBuildConfiguration;
			baseConfigurationReference = 8071627855666A4DFC415B2B /* Pods-wallhavenios.debug.xcconfig */;
			buildSettings = {
				ASSETCATALOG_COMPILER_APPICON_NAME = AppIcon;
				CODE_SIGN_STYLE = Automatic;
				DEVELOPMENT_TEAM = 8V7R678PM6;
				INFOPLIST_FILE = wallhavenios/Info.plist;
				LD_RUNPATH_SEARCH_PATHS = (
					"$(inherited)",
					"@executable_path/Frameworks",
				);
				PRODUCT_BUNDLE_IDENTIFIER = com.kodius.wallhavenios;
				PRODUCT_NAME = "$(TARGET_NAME)";
				SWIFT_VERSION = 5.0;
				TARGETED_DEVICE_FAMILY = 1;
			};
			name = Debug;
		};
		94A6984E23D09DFD005764EE /* Release */ = {
			isa = XCBuildConfiguration;
			baseConfigurationReference = 14A1F2E2C9A6FFEDA4D60277 /* Pods-wallhavenios.release.xcconfig */;
			buildSettings = {
				ASSETCATALOG_COMPILER_APPICON_NAME = AppIcon;
				CODE_SIGN_STYLE = Automatic;
				DEVELOPMENT_TEAM = 8V7R678PM6;
				INFOPLIST_FILE = wallhavenios/Info.plist;
				LD_RUNPATH_SEARCH_PATHS = (
					"$(inherited)",
					"@executable_path/Frameworks",
				);
				PRODUCT_BUNDLE_IDENTIFIER = com.kodius.wallhavenios;
				PRODUCT_NAME = "$(TARGET_NAME)";
				SWIFT_VERSION = 5.0;
				TARGETED_DEVICE_FAMILY = 1;
			};
			name = Release;
		};
/* End XCBuildConfiguration section */

/* Begin XCConfigurationList section */
		94A6983323D09DFD005764EE /* Build configuration list for PBXProject "wallhavenios" */ = {
			isa = XCConfigurationList;
			buildConfigurations = (
				94A6984A23D09DFD005764EE /* Debug */,
				94A6984B23D09DFD005764EE /* Release */,
			);
			defaultConfigurationIsVisible = 0;
			defaultConfigurationName = Release;
		};
		94A6984C23D09DFD005764EE /* Build configuration list for PBXNativeTarget "wallhavenios" */ = {
			isa = XCConfigurationList;
			buildConfigurations = (
				94A6984D23D09DFD005764EE /* Debug */,
				94A6984E23D09DFD005764EE /* Release */,
			);
			defaultConfigurationIsVisible = 0;
			defaultConfigurationName = Release;
		};
/* End XCConfigurationList section */
	};
	rootObject = 94A6983023D09DFD005764EE /* Project object */;
}
